
Microsoft Visual Studio Solution File, Format Version 12.00
# Visual Studio Version 16
VisualStudioVersion = 16.0.29709.97
MinimumVisualStudioVersion = 10.0.40219.1
Project("{9A19103F-16F7-4668-BE54-9A1E7A4F7556}") = "Roterizador.Domain", "Roterizador.Domain\Roterizador.Domain.csproj", "{FC2D33DE-0A29-4B99-804F-AC563061AE16}"
EndProject
Project("{9A19103F-16F7-4668-BE54-9A1E7A4F7556}") = "Roteirizador.WebApi", "Roteirizador.WebApi\Roteirizador.WebApi.csproj", "{2D017BA8-CEFC-43FE-B012-2FE70FAAB3D5}"
EndProject
Project("{9A19103F-16F7-4668-BE54-9A1E7A4F7556}") = "Roterizador.EntityPostgres", "Roterizador.EntityPostgres\Roterizador.EntityPostgres.csproj", "{3CC047C6-7151-4878-B167-2E76213B3AA7}"
EndProject
Project("{FAE04EC0-301F-11D3-BF4B-00C04F79EFBC}") = "Roterizador.IntegrationTests", "Roterizador.IntegrationTests\Roterizador.IntegrationTests.csproj", "{E18E0CC6-3EBC-439D-9D53-F158FE526B60}"
EndProject
Global
	GlobalSection(SolutionConfigurationPlatforms) = preSolution
		Debug|Any CPU = Debug|Any CPU
		Release|Any CPU = Release|Any CPU
	EndGlobalSection
	GlobalSection(ProjectConfigurationPlatforms) = postSolution
		{FC2D33DE-0A29-4B99-804F-AC563061AE16}.Debug|Any CPU.ActiveCfg = Debug|Any CPU
		{FC2D33DE-0A29-4B99-804F-AC563061AE16}.Debug|Any CPU.Build.0 = Debug|Any CPU
		{FC2D33DE-0A29-4B99-804F-AC563061AE16}.Release|Any CPU.ActiveCfg = Release|Any CPU
		{FC2D33DE-0A29-4B99-804F-AC563061AE16}.Release|Any CPU.Build.0 = Release|Any CPU
		{2D017BA8-CEFC-43FE-B012-2FE70FAAB3D5}.Debug|Any CPU.ActiveCfg = Debug|Any CPU
		{2D017BA8-CEFC-43FE-B012-2FE70FAAB3D5}.Debug|Any CPU.Build.0 = Debug|Any CPU
		{2D017BA8-CEFC-43FE-B012-2FE70FAAB3D5}.Release|Any CPU.ActiveCfg = Release|Any CPU
		{2D017BA8-CEFC-43FE-B012-2FE70FAAB3D5}.Release|Any CPU.Build.0 = Release|Any CPU
		{3CC047C6-7151-4878-B167-2E76213B3AA7}.Debug|Any CPU.ActiveCfg = Debug|Any CPU
		{3CC047C6-7151-4878-B167-2E76213B3AA7}.Debug|Any CPU.Build.0 = Debug|Any CPU
		{3CC047C6-7151-4878-B167-2E76213B3AA7}.Release|Any CPU.ActiveCfg = Release|Any CPU
		{3CC047C6-7151-4878-B167-2E76213B3AA7}.Release|Any CPU.Build.0 = Release|Any CPU
		{E18E0CC6-3EBC-439D-9D53-F158FE526B60}.Debug|Any CPU.ActiveCfg = Debug|Any CPU
		{E18E0CC6-3EBC-439D-9D53-F158FE526B60}.Debug|Any CPU.Build.0 = Debug|Any CPU
		{E18E0CC6-3EBC-439D-9D53-F158FE526B60}.Release|Any CPU.ActiveCfg = Release|Any CPU
		{E18E0CC6-3EBC-439D-9D53-F158FE526B60}.Release|Any CPU.Build.0 = Release|Any CPU
	EndGlobalSection
	GlobalSection(SolutionProperties) = preSolution
		HideSolutionNode = FALSE
	EndGlobalSection
	GlobalSection(ExtensibilityGlobals) = postSolution
		SolutionGuid = {65AEA123-96FB-4ECC-A126-20C4CE41E0C6}
	EndGlobalSection
EndGlobal
