
Microsoft Visual Studio Solution File, Format Version 12.00
# Visual Studio Version 16
VisualStudioVersion = 16.0.29709.97
MinimumVisualStudioVersion = 10.0.40219.1
Project("{9A19103F-16F7-4668-BE54-9A1E7A4F7556}") = "Roteirizador.WebApi", "Roteirizador.WebApi\Roteirizador.WebApi.csproj", "{2D017BA8-CEFC-43FE-B012-2FE70FAAB3D5}"
EndProject
Project("{9A19103F-16F7-4668-BE54-9A1E7A4F7556}") = "Roteirizador.IntegrationTests", "Roteirizador.IntegrationTests\Roteirizador.IntegrationTests.csproj", "{B0C3A6BC-83DD-4352-B704-CEE190801F5A}"
EndProject
Project("{9A19103F-16F7-4668-BE54-9A1E7A4F7556}") = "Roteirizador.Domain", "Roteirizador.Domain\Roteirizador.Domain.csproj", "{13EBC128-544A-4F81-825B-FF5621CCA7F0}"
EndProject
Project("{9A19103F-16F7-4668-BE54-9A1E7A4F7556}") = "Roteirizador.EntityPostgres", "Roteirizador.EntityPostgres\Roteirizador.EntityPostgres.csproj", "{9AA729A6-67DE-4A83-BEA7-F6C2537A3355}"
EndProject
Global
	GlobalSection(SolutionConfigurationPlatforms) = preSolution
		Debug|Any CPU = Debug|Any CPU
		Release|Any CPU = Release|Any CPU
	EndGlobalSection
	GlobalSection(ProjectConfigurationPlatforms) = postSolution
		{2D017BA8-CEFC-43FE-B012-2FE70FAAB3D5}.Debug|Any CPU.ActiveCfg = Debug|Any CPU
		{2D017BA8-CEFC-43FE-B012-2FE70FAAB3D5}.Debug|Any CPU.Build.0 = Debug|Any CPU
		{2D017BA8-CEFC-43FE-B012-2FE70FAAB3D5}.Release|Any CPU.ActiveCfg = Release|Any CPU
		{2D017BA8-CEFC-43FE-B012-2FE70FAAB3D5}.Release|Any CPU.Build.0 = Release|Any CPU
		{B0C3A6BC-83DD-4352-B704-CEE190801F5A}.Debug|Any CPU.ActiveCfg = Debug|Any CPU
		{B0C3A6BC-83DD-4352-B704-CEE190801F5A}.Debug|Any CPU.Build.0 = Debug|Any CPU
		{B0C3A6BC-83DD-4352-B704-CEE190801F5A}.Release|Any CPU.ActiveCfg = Release|Any CPU
		{B0C3A6BC-83DD-4352-B704-CEE190801F5A}.Release|Any CPU.Build.0 = Release|Any CPU
		{13EBC128-544A-4F81-825B-FF5621CCA7F0}.Debug|Any CPU.ActiveCfg = Debug|Any CPU
		{13EBC128-544A-4F81-825B-FF5621CCA7F0}.Debug|Any CPU.Build.0 = Debug|Any CPU
		{13EBC128-544A-4F81-825B-FF5621CCA7F0}.Release|Any CPU.ActiveCfg = Release|Any CPU
		{13EBC128-544A-4F81-825B-FF5621CCA7F0}.Release|Any CPU.Build.0 = Release|Any CPU
		{9AA729A6-67DE-4A83-BEA7-F6C2537A3355}.Debug|Any CPU.ActiveCfg = Debug|Any CPU
		{9AA729A6-67DE-4A83-BEA7-F6C2537A3355}.Debug|Any CPU.Build.0 = Debug|Any CPU
		{9AA729A6-67DE-4A83-BEA7-F6C2537A3355}.Release|Any CPU.ActiveCfg = Release|Any CPU
		{9AA729A6-67DE-4A83-BEA7-F6C2537A3355}.Release|Any CPU.Build.0 = Release|Any CPU
	EndGlobalSection
	GlobalSection(SolutionProperties) = preSolution
		HideSolutionNode = FALSE
	EndGlobalSection
	GlobalSection(ExtensibilityGlobals) = postSolution
		SolutionGuid = {65AEA123-96FB-4ECC-A126-20C4CE41E0C6}
	EndGlobalSection
EndGlobal
