
Microsoft Visual Studio Solution File, Format Version 12.00
# Visual Studio Version 16
VisualStudioVersion = 16.0.29709.97
MinimumVisualStudioVersion = 10.0.40219.1
Project("{FAE04EC0-301F-11D3-BF4B-00C04F79EFBC}") = "RoteirizadorWebApi", "RoteirizadorWebApi\RoteirizadorWebApi.csproj", "{913FE270-A68E-40F0-B930-2E3456DA9A8E}"
EndProject
Project("{FAE04EC0-301F-11D3-BF4B-00C04F79EFBC}") = "Roterizador.Domain", "Roterizador.Domain\Roterizador.Domain.csproj", "{FC2D33DE-0A29-4B99-804F-AC563061AE16}"
EndProject
Project("{FAE04EC0-301F-11D3-BF4B-00C04F79EFBC}") = "Roterizador.Persistence", "Roterizador.Persistence\Roterizador.Persistence.csproj", "{710603F4-F239-41DA-A551-1E708977FF6C}"
EndProject
Global
	GlobalSection(SolutionConfigurationPlatforms) = preSolution
		Debug|Any CPU = Debug|Any CPU
		Release|Any CPU = Release|Any CPU
	EndGlobalSection
	GlobalSection(ProjectConfigurationPlatforms) = postSolution
		{913FE270-A68E-40F0-B930-2E3456DA9A8E}.Debug|Any CPU.ActiveCfg = Debug|Any CPU
		{913FE270-A68E-40F0-B930-2E3456DA9A8E}.Debug|Any CPU.Build.0 = Debug|Any CPU
		{913FE270-A68E-40F0-B930-2E3456DA9A8E}.Release|Any CPU.ActiveCfg = Release|Any CPU
		{913FE270-A68E-40F0-B930-2E3456DA9A8E}.Release|Any CPU.Build.0 = Release|Any CPU
		{FC2D33DE-0A29-4B99-804F-AC563061AE16}.Debug|Any CPU.ActiveCfg = Debug|Any CPU
		{FC2D33DE-0A29-4B99-804F-AC563061AE16}.Debug|Any CPU.Build.0 = Debug|Any CPU
		{FC2D33DE-0A29-4B99-804F-AC563061AE16}.Release|Any CPU.ActiveCfg = Release|Any CPU
		{FC2D33DE-0A29-4B99-804F-AC563061AE16}.Release|Any CPU.Build.0 = Release|Any CPU
		{710603F4-F239-41DA-A551-1E708977FF6C}.Debug|Any CPU.ActiveCfg = Debug|Any CPU
		{710603F4-F239-41DA-A551-1E708977FF6C}.Debug|Any CPU.Build.0 = Debug|Any CPU
		{710603F4-F239-41DA-A551-1E708977FF6C}.Release|Any CPU.ActiveCfg = Release|Any CPU
		{710603F4-F239-41DA-A551-1E708977FF6C}.Release|Any CPU.Build.0 = Release|Any CPU
	EndGlobalSection
	GlobalSection(SolutionProperties) = preSolution
		HideSolutionNode = FALSE
	EndGlobalSection
	GlobalSection(ExtensibilityGlobals) = postSolution
		SolutionGuid = {65AEA123-96FB-4ECC-A126-20C4CE41E0C6}
	EndGlobalSection
EndGlobal
